
Microsoft Visual Studio Solution File, Format Version 12.00
# Visual Studio 15
Project("{FAE04EC0-301F-11D3-BF4B-00C04F79EFBC}") = "Assembly-CSharp", "Assembly-CSharp.csproj", "{3CC2F059-3102-36A4-7A7A-B290B9D700A1}"
EndProject
Project("{FAE04EC0-301F-11D3-BF4B-00C04F79EFBC}") = "Assembly-CSharp-Editor", "Assembly-CSharp-Editor.csproj", "{03CB6C23-23AE-E4DB-BEC0-94BCFA67728D}"
EndProject
Global
	GlobalSection(SolutionConfigurationPlatforms) = preSolution
		Debug|Any CPU = Debug|Any CPU
		Release|Any CPU = Release|Any CPU
	EndGlobalSection
	GlobalSection(ProjectConfigurationPlatforms) = postSolution
		{3CC2F059-3102-36A4-7A7A-B290B9D700A1}.Debug|Any CPU.ActiveCfg = Debug|Any CPU
		{3CC2F059-3102-36A4-7A7A-B290B9D700A1}.Debug|Any CPU.Build.0 = Debug|Any CPU
		{3CC2F059-3102-36A4-7A7A-B290B9D700A1}.Release|Any CPU.ActiveCfg = Release|Any CPU
		{3CC2F059-3102-36A4-7A7A-B290B9D700A1}.Release|Any CPU.Build.0 = Release|Any CPU
		{03CB6C23-23AE-E4DB-BEC0-94BCFA67728D}.Debug|Any CPU.ActiveCfg = Debug|Any CPU
		{03CB6C23-23AE-E4DB-BEC0-94BCFA67728D}.Debug|Any CPU.Build.0 = Debug|Any CPU
		{03CB6C23-23AE-E4DB-BEC0-94BCFA67728D}.Release|Any CPU.ActiveCfg = Release|Any CPU
		{03CB6C23-23AE-E4DB-BEC0-94BCFA67728D}.Release|Any CPU.Build.0 = Release|Any CPU
	EndGlobalSection
	GlobalSection(SolutionProperties) = preSolution
		HideSolutionNode = FALSE
	EndGlobalSection
EndGlobal
